PODS:
  - Cloudinary (2.10.1):
    - Cloudinary/ios (= 2.10.1)
  - Cloudinary/ios (2.10.1)
  - Eureka (5.2.1)
  - FloatingPanel (2.2.0)
  - RxCocoa (6.0.0):
    - RxRelay (= 6.0.0)
    - RxSwift (= 6.0.0)
  - RxRelay (6.0.0):
    - RxSwift (= 6.0.0)
  - RxSwift (6.0.0)
  - SideMenuSwift (2.0.7)
  - SnapKit (5.0.1)
  - SwiftLint (0.42.0)
  - ViewRow (0.8):
    - Eureka (>= 5.0.0)

DEPENDENCIES:
  - Cloudinary
  - Eureka (from `https://github.com/xmartlabs/Eureka.git`, branch `xcode12`)
  - FloatingPanel
  - RxCocoa
  - RxSwift
  - SideMenuSwift
  - SnapKit
  - SwiftLint
  - ViewRow

SPEC REPOS:
  trunk:
    - Cloudinary
    - FloatingPanel
    - RxCocoa
    - RxRelay
    - RxSwift
    - SideMenuSwift
    - SnapKit
    - SwiftLint
    - ViewRow

EXTERNAL SOURCES:
  Eureka:
    :branch: xcode12
    :git: https://github.com/xmartlabs/Eureka.git

CHECKOUT OPTIONS:
  Eureka:
    :commit: 5c54e2607632ce586010e50e91d9adcb6bb3909e
    :git: https://github.com/xmartlabs/Eureka.git

SPEC CHECKSUMS:
  Cloudinary: 064f057fe9b7d6268ed74de5590920e21de6db0d
  Eureka: c883105488e05bc65539f583246ecf9657cabbfe
  FloatingPanel: 54b478292da5340317ce78afcaca88fab6f3b57e
  RxCocoa: 3f79328fafa3645b34600f37c31e64c73ae3a80e
  RxRelay: 8d593be109c06ea850df027351beba614b012ffb
  RxSwift: c14e798c59b9f6e9a2df8fd235602e85cc044295
  SideMenuSwift: ffbbc88d23741932177ad1320df837cedfb3bc5e
  SnapKit: 97b92857e3df3a0c71833cce143274bf6ef8e5eb
  SwiftLint: 4fa9579c63416865179bc416f0a92d55f009600d
  ViewRow: 8da541e9c019f3be63f4e28f311a62cac2045ecf

PODFILE CHECKSUM: 162143f0f95866b3c1b76b638ffa2ab0712f9dca

COCOAPODS: 1.9.3
