PODS:
  - AWSCore (2.12.3)
  - AWSS3 (2.12.3):
    - AWSCore (= 2.12.3)
  - BSGridCollectionViewLayout (1.2.5)
  - BSImagePicker (2.10.3):
    - BSGridCollectionViewLayout (= 1.2.5)
    - BSImageView (= 1.0.3)
  - BSImageView (1.0.3)
  - Eureka (5.1.0)
  - SwiftLint (0.38.1)
  - UrbanApplauseShared (1.0.3)
  - ViewRow (0.8):
    - Eureka (>= 5.0.0)

DEPENDENCIES:
  - AWSS3
  - BSImagePicker (~> 2.8)
  - Eureka (~> 5.1.0)
  - SwiftLint
  - UrbanApplauseShared
  - ViewRow

SPEC REPOS:
  https://github.com/CocoaPods/Specs.git:
    - AWSCore
    - AWSS3
    - BSGridCollectionViewLayout
    - BSImagePicker
    - BSImageView
    - Eureka
    - SwiftLint
    - ViewRow
  https://github.com/flannerykj/urbanapplause-ios-shared.git:
    - UrbanApplauseShared

SPEC CHECKSUMS:
  AWSCore: a4b4aeb414bdfd55a5e8879adb4985c46da157d6
  AWSS3: 511a7b646572686c7e193aa19bd6a5cc43ec2977
  BSGridCollectionViewLayout: 333dcb457a5a3bdd9212607ab5756553dcfe06cb
  BSImagePicker: 07404254f2fcdaf5a2eb403c0f8c337267ce8738
  BSImageView: a149459433a2687157d034c78e059d30ac7f2544
  Eureka: 18a5076dcf0c41f9cd9748aa1c42f4d11434bdae
  SwiftLint: 0aeb99ca7ccfc222ef93e2560a35e669f5465e6c
  UrbanApplauseShared: 16c3e0836cdcf6a58de478bfc77ed0df57c8d294
  ViewRow: 8da541e9c019f3be63f4e28f311a62cac2045ecf

PODFILE CHECKSUM: 132189d341ba5994eb5bbc52b3ddc5a239972b11

COCOAPODS: 1.8.1
